
Microsoft Visual Studio Solution File, Format Version 12.00
# Visual Studio Version 17
VisualStudioVersion = 17.14.36221.1 d17.14
MinimumVisualStudioVersion = 10.0.40219.1
Project("{FAE04EC0-301F-11D3-BF4B-00C04F79EFBC}") = "BestBuyBestPractices", "BestBuyBestPractices\BestBuyBestPractices.csproj", "{B677909C-4EF1-4809-A05E-EC06FC645AA1}"
EndProject
Global
	GlobalSection(SolutionConfigurationPlatforms) = preSolution
		Debug|Any CPU = Debug|Any CPU
		Release|Any CPU = Release|Any CPU
	EndGlobalSection
	GlobalSection(ProjectConfigurationPlatforms) = postSolution
		{B677909C-4EF1-4809-A05E-EC06FC645AA1}.Debug|Any CPU.ActiveCfg = Debug|Any CPU
		{B677909C-4EF1-4809-A05E-EC06FC645AA1}.Debug|Any CPU.Build.0 = Debug|Any CPU
		{B677909C-4EF1-4809-A05E-EC06FC645AA1}.Release|Any CPU.ActiveCfg = Release|Any CPU
		{B677909C-4EF1-4809-A05E-EC06FC645AA1}.Release|Any CPU.Build.0 = Release|Any CPU
	EndGlobalSection
	GlobalSection(SolutionProperties) = preSolution
		HideSolutionNode = FALSE
	EndGlobalSection
	GlobalSection(ExtensibilityGlobals) = postSolution
		SolutionGuid = {8BE0C723-C881-4C00-BA76-CA9E34BB84F3}
	EndGlobalSection
EndGlobal
